
Microsoft Visual Studio Solution File, Format Version 12.00
# Visual Studio Version 17
VisualStudioVersion = 17.0.31903.59
MinimumVisualStudioVersion = 10.0.40219.1
Project("{FAE04EC0-301F-11D3-BF4B-00C04F79EFBC}") = "rock_paper_scissor", "rock_paper_scissor\rock_paper_scissor.csproj", "{EBEE60C6-3B30-4A22-9F8B-E802D1A35AFC}"
EndProject
Global
	GlobalSection(SolutionConfigurationPlatforms) = preSolution
		Debug|Any CPU = Debug|Any CPU
		Release|Any CPU = Release|Any CPU
	EndGlobalSection
	GlobalSection(SolutionProperties) = preSolution
		HideSolutionNode = FALSE
	EndGlobalSection
	GlobalSection(ProjectConfigurationPlatforms) = postSolution
		{EBEE60C6-3B30-4A22-9F8B-E802D1A35AFC}.Debug|Any CPU.ActiveCfg = Debug|Any CPU
		{EBEE60C6-3B30-4A22-9F8B-E802D1A35AFC}.Debug|Any CPU.Build.0 = Debug|Any CPU
		{EBEE60C6-3B30-4A22-9F8B-E802D1A35AFC}.Release|Any CPU.ActiveCfg = Release|Any CPU
		{EBEE60C6-3B30-4A22-9F8B-E802D1A35AFC}.Release|Any CPU.Build.0 = Release|Any CPU
	EndGlobalSection
EndGlobal
